
Microsoft Visual Studio Solution File, Format Version 12.00
# Visual Studio Version 16
VisualStudioVersion = 16.0.32106.194
MinimumVisualStudioVersion = 10.0.40219.1
Project("{9A19103F-16F7-4668-BE54-9A1E7A4F7556}") = "LoginWebApp", "LoginWebApp\LoginWebApp.csproj", "{59C2F9AA-8581-4B46-BC58-A35D0AC1FA6F}"
EndProject
Project("{9A19103F-16F7-4668-BE54-9A1E7A4F7556}") = "LoginWebApp.Test", "LoginWebApp.Test\LoginWebApp.Test.csproj", "{74C98AB4-85D0-47BA-8D3D-71BC3A107FAC}"
EndProject
Project("{9A19103F-16F7-4668-BE54-9A1E7A4F7556}") = "JWTAuthentication", "JWTAuthentication\JWTAuthentication.csproj", "{A75DBA30-30D6-4C8B-A59A-58275B04E8DA}"
EndProject
Global
	GlobalSection(SolutionConfigurationPlatforms) = preSolution
		Debug|Any CPU = Debug|Any CPU
		Release|Any CPU = Release|Any CPU
	EndGlobalSection
	GlobalSection(ProjectConfigurationPlatforms) = postSolution
		{59C2F9AA-8581-4B46-BC58-A35D0AC1FA6F}.Debug|Any CPU.ActiveCfg = Debug|Any CPU
		{59C2F9AA-8581-4B46-BC58-A35D0AC1FA6F}.Debug|Any CPU.Build.0 = Debug|Any CPU
		{59C2F9AA-8581-4B46-BC58-A35D0AC1FA6F}.Release|Any CPU.ActiveCfg = Release|Any CPU
		{59C2F9AA-8581-4B46-BC58-A35D0AC1FA6F}.Release|Any CPU.Build.0 = Release|Any CPU
		{74C98AB4-85D0-47BA-8D3D-71BC3A107FAC}.Debug|Any CPU.ActiveCfg = Debug|Any CPU
		{74C98AB4-85D0-47BA-8D3D-71BC3A107FAC}.Debug|Any CPU.Build.0 = Debug|Any CPU
		{74C98AB4-85D0-47BA-8D3D-71BC3A107FAC}.Release|Any CPU.ActiveCfg = Release|Any CPU
		{74C98AB4-85D0-47BA-8D3D-71BC3A107FAC}.Release|Any CPU.Build.0 = Release|Any CPU
		{A75DBA30-30D6-4C8B-A59A-58275B04E8DA}.Debug|Any CPU.ActiveCfg = Debug|Any CPU
		{A75DBA30-30D6-4C8B-A59A-58275B04E8DA}.Debug|Any CPU.Build.0 = Debug|Any CPU
		{A75DBA30-30D6-4C8B-A59A-58275B04E8DA}.Release|Any CPU.ActiveCfg = Release|Any CPU
		{A75DBA30-30D6-4C8B-A59A-58275B04E8DA}.Release|Any CPU.Build.0 = Release|Any CPU
	EndGlobalSection
	GlobalSection(SolutionProperties) = preSolution
		HideSolutionNode = FALSE
	EndGlobalSection
	GlobalSection(ExtensibilityGlobals) = postSolution
		SolutionGuid = {D9B8378D-D895-46F9-9B6D-96F6C4D6D1C4}
	EndGlobalSection
EndGlobal
